// !$*UTF8*$!
{
	archiveVersion = 1;
	classes = {
	};
	objectVersion = 51;
	objects = {

/* Begin PBXBuildFile section */
		A00E0A742771E629006E22B2 /* ListTableViewController.swift in Sources */ = {isa = PBXBuildFile; fileRef = A00E0A732771E629006E22B2 /* ListTableViewController.swift */; };
		A01265FC277175D000C9F594 /* AppDelegate.swift in Sources */ = {isa = PBXBuildFile; fileRef = A01265FB277175D000C9F594 /* AppDelegate.swift */; };
		A01265FE277175D000C9F594 /* SceneDelegate.swift in Sources */ = {isa = PBXBuildFile; fileRef = A01265FD277175D000C9F594 /* SceneDelegate.swift */; };
		A0126600277175D000C9F594 /* LoginViewController.swift in Sources */ = {isa = PBXBuildFile; fileRef = A01265FF277175D000C9F594 /* LoginViewController.swift */; };
		A0126603277175D000C9F594 /* Main.storyboard in Resources */ = {isa = PBXBuildFile; fileRef = A0126601277175D000C9F594 /* Main.storyboard */; };
		A0126606277175D000C9F594 /* ShoppingList.xcdatamodeld in Sources */ = {isa = PBXBuildFile; fileRef = A0126604277175D000C9F594 /* ShoppingList.xcdatamodeld */; };
		A0126608277175DB00C9F594 /* Assets.xcassets in Resources */ = {isa = PBXBuildFile; fileRef = A0126607277175DB00C9F594 /* Assets.xcassets */; };
		A012660B277175DB00C9F594 /* LaunchScreen.storyboard in Resources */ = {isa = PBXBuildFile; fileRef = A0126609277175DB00C9F594 /* LaunchScreen.storyboard */; };
		A01266142771769D00C9F594 /* GoogleService-Info.plist in Resources */ = {isa = PBXBuildFile; fileRef = A01266132771769D00C9F594 /* GoogleService-Info.plist */; };
		A053EE232772068E005F8F05 /* ShoppingItem.swift in Sources */ = {isa = PBXBuildFile; fileRef = A053EE222772068E005F8F05 /* ShoppingItem.swift */; };
		C24FABF34A3EE212938232B5 /* Pods_ShoppingList.framework in Frameworks */ = {isa = PBXBuildFile; fileRef = CD6BDAAB058C286A20F6516D /* Pods_ShoppingList.framework */; };
/* End PBXBuildFile section */

/* Begin PBXFileReference section */
		190BD8DF46EF5322EA4ECDB1 /* Pods-ShoppingList.debug.xcconfig */ = {isa = PBXFileReference; includeInIndex = 1; lastKnownFileType = text.xcconfig; name = "Pods-ShoppingList.debug.xcconfig"; path = "Target Support Files/Pods-ShoppingList/Pods-ShoppingList.debug.xcconfig"; sourceTree = "<group>"; };
		A00E0A732771E629006E22B2 /* ListTableViewController.swift */ = {isa = PBXFileReference; lastKnownFileType = sourcecode.swift; path = ListTableViewController.swift; sourceTree = "<group>"; };
		A01265F8277175D000C9F594 /* ShoppingList.app */ = {isa = PBXFileReference; explicitFileType = wrapper.application; includeInIndex = 0; path = ShoppingList.app; sourceTree = BUILT_PRODUCTS_DIR; };
		A01265FB277175D000C9F594 /* AppDelegate.swift */ = {isa = PBXFileReference; lastKnownFileType = sourcecode.swift; path = AppDelegate.swift; sourceTree = "<group>"; };
		A01265FD277175D000C9F594 /* SceneDelegate.swift */ = {isa = PBXFileReference; lastKnownFileType = sourcecode.swift; path = SceneDelegate.swift; sourceTree = "<group>"; };
		A01265FF277175D000C9F594 /* LoginViewController.swift */ = {isa = PBXFileReference; lastKnownFileType = sourcecode.swift; path = LoginViewController.swift; sourceTree = "<group>"; };
		A0126602277175D000C9F594 /* Base */ = {isa = PBXFileReference; lastKnownFileType = file.storyboard; name = Base; path = Base.lproj/Main.storyboard; sourceTree = "<group>"; };
		A0126605277175D000C9F594 /* ShoppingList.xcdatamodel */ = {isa = PBXFileReference; lastKnownFileType = wrapper.xcdatamodel; path = ShoppingList.xcdatamodel; sourceTree = "<group>"; };
		A0126607277175DB00C9F594 /* Assets.xcassets */ = {isa = PBXFileReference; lastKnownFileType = folder.assetcatalog; path = Assets.xcassets; sourceTree = "<group>"; };
		A012660A277175DB00C9F594 /* Base */ = {isa = PBXFileReference; lastKnownFileType = file.storyboard; name = Base; path = Base.lproj/LaunchScreen.storyboard; sourceTree = "<group>"; };
		A012660C277175DB00C9F594 /* Info.plist */ = {isa = PBXFileReference; lastKnownFileType = text.plist.xml; path = Info.plist; sourceTree = "<group>"; };
		A01266132771769D00C9F594 /* GoogleService-Info.plist */ = {isa = PBXFileReference; fileEncoding = 4; lastKnownFileType = text.plist.xml; path = "GoogleService-Info.plist"; sourceTree = "<group>"; };
		A053EE222772068E005F8F05 /* ShoppingItem.swift */ = {isa = PBXFileReference; lastKnownFileType = sourcecode.swift; path = ShoppingItem.swift; sourceTree = "<group>"; };
		CD6BDAAB058C286A20F6516D /* Pods_ShoppingList.framework */ = {isa = PBXFileReference; explicitFileType = wrapper.framework; includeInIndex = 0; path = Pods_ShoppingList.framework; sourceTree = BUILT_PRODUCTS_DIR; };
		F7E1208174594842B82E1BBE /* Pods-ShoppingList.release.xcconfig */ = {isa = PBXFileReference; includeInIndex = 1; lastKnownFileType = text.xcconfig; name = "Pods-ShoppingList.release.xcconfig"; path = "Target Support Files/Pods-ShoppingList/Pods-ShoppingList.release.xcconfig"; sourceTree = "<group>"; };
/* End PBXFileReference section */

/* Begin PBXFrameworksBuildPhase section */
		A01265F5277175D000C9F594 /* Frameworks */ = {
			isa = PBXFrameworksBuildPhase;
			buildActionMask = 2147483647;
			files = (
				C24FABF34A3EE212938232B5 /* Pods_ShoppingList.framework in Frameworks */,
			);
			runOnlyForDeploymentPostprocessing = 0;
		};
/* End PBXFrameworksBuildPhase section */

/* Begin PBXGroup section */
		3BFA9FECAA021F265F2C8FAA /* Frameworks */ = {
			isa = PBXGroup;
			children = (
				CD6BDAAB058C286A20F6516D /* Pods_ShoppingList.framework */,
			);
			name = Frameworks;
			sourceTree = "<group>";
		};
		7212E57C5FD9336880F7472A /* Pods */ = {
			isa = PBXGroup;
			children = (
				190BD8DF46EF5322EA4ECDB1 /* Pods-ShoppingList.debug.xcconfig */,
				F7E1208174594842B82E1BBE /* Pods-ShoppingList.release.xcconfig */,
			);
			path = Pods;
			sourceTree = "<group>";
		};
		A01265EF277175D000C9F594 = {
			isa = PBXGroup;
			children = (
				A01265FA277175D000C9F594 /* ShoppingList */,
				A01265F9277175D000C9F594 /* Products */,
				7212E57C5FD9336880F7472A /* Pods */,
				3BFA9FECAA021F265F2C8FAA /* Frameworks */,
			);
			sourceTree = "<group>";
		};
		A01265F9277175D000C9F594 /* Products */ = {
			isa = PBXGroup;
			children = (
				A01265F8277175D000C9F594 /* ShoppingList.app */,
			);
			name = Products;
			sourceTree = "<group>";
		};
		A01265FA277175D000C9F594 /* ShoppingList */ = {
			isa = PBXGroup;
			children = (
				A01265FB277175D000C9F594 /* AppDelegate.swift */,
				A01265FD277175D000C9F594 /* SceneDelegate.swift */,
				A01265FF277175D000C9F594 /* LoginViewController.swift */,
				A00E0A732771E629006E22B2 /* ListTableViewController.swift */,
				A053EE222772068E005F8F05 /* ShoppingItem.swift */,
				A0126601277175D000C9F594 /* Main.storyboard */,
				A0126607277175DB00C9F594 /* Assets.xcassets */,
				A0126609277175DB00C9F594 /* LaunchScreen.storyboard */,
				A012660C277175DB00C9F594 /* Info.plist */,
				A0126604277175D000C9F594 /* ShoppingList.xcdatamodeld */,
				A01266132771769D00C9F594 /* GoogleService-Info.plist */,
			);
			path = ShoppingList;
			sourceTree = "<group>";
		};
/* End PBXGroup section */

/* Begin PBXNativeTarget section */
		A01265F7277175D000C9F594 /* ShoppingList */ = {
			isa = PBXNativeTarget;
			buildConfigurationList = A012660F277175DB00C9F594 /* Build configuration list for PBXNativeTarget "ShoppingList" */;
			buildPhases = (
				895CE0490039AE2BB8819EF3 /* [CP] Check Pods Manifest.lock */,
				A01265F4277175D000C9F594 /* Sources */,
				A01265F5277175D000C9F594 /* Frameworks */,
				A01265F6277175D000C9F594 /* Resources */,
				06B064BD64036FD68FEE63B9 /* [CP] Embed Pods Frameworks */,
			);
			buildRules = (
			);
			dependencies = (
			);
			name = ShoppingList;
			productName = ShoppingList;
			productReference = A01265F8277175D000C9F594 /* ShoppingList.app */;
			productType = "com.apple.product-type.application";
		};
/* End PBXNativeTarget section */

/* Begin PBXProject section */
		A01265F0277175D000C9F594 /* Project object */ = {
			isa = PBXProject;
			attributes = {
				LastSwiftUpdateCheck = 1240;
				LastUpgradeCheck = 1240;
				TargetAttributes = {
					A01265F7277175D000C9F594 = {
						CreatedOnToolsVersion = 12.4;
					};
				};
			};
			buildConfigurationList = A01265F3277175D000C9F594 /* Build configuration list for PBXProject "ShoppingList" */;
			compatibilityVersion = "Xcode 9.3";
			developmentRegion = en;
			hasScannedForEncodings = 0;
			knownRegions = (
				en,
				Base,
			);
			mainGroup = A01265EF277175D000C9F594;
			productRefGroup = A01265F9277175D000C9F594 /* Products */;
			projectDirPath = "";
			projectRoot = "";
			targets = (
				A01265F7277175D000C9F594 /* ShoppingList */,
			);
		};
/* End PBXProject section */

/* Begin PBXResourcesBuildPhase section */
		A01265F6277175D000C9F594 /* Resources */ = {
			isa = PBXResourcesBuildPhase;
			buildActionMask = 2147483647;
			files = (
				A012660B277175DB00C9F594 /* LaunchScreen.storyboard in Resources */,
				A01266142771769D00C9F594 /* GoogleService-Info.plist in Resources */,
				A0126608277175DB00C9F594 /* Assets.xcassets in Resources */,
				A0126603277175D000C9F594 /* Main.storyboard in Resources */,
			);
			runOnlyForDeploymentPostprocessing = 0;
		};
/* End PBXResourcesBuildPhase section */

/* Begin PBXShellScriptBuildPhase section */
		06B064BD64036FD68FEE63B9 /* [CP] Embed Pods Frameworks */ = {
			isa = PBXShellScriptBuildPhase;
			buildActionMask = 2147483647;
			files = (
			);
			inputFileListPaths = (
				"${PODS_ROOT}/Target Support Files/Pods-ShoppingList/Pods-ShoppingList-frameworks-${CONFIGURATION}-input-files.xcfilelist",
			);
			name = "[CP] Embed Pods Frameworks";
			outputFileListPaths = (
				"${PODS_ROOT}/Target Support Files/Pods-ShoppingList/Pods-ShoppingList-frameworks-${CONFIGURATION}-output-files.xcfilelist",
			);
			runOnlyForDeploymentPostprocessing = 0;
			shellPath = /bin/sh;
			shellScript = "\"${PODS_ROOT}/Target Support Files/Pods-ShoppingList/Pods-ShoppingList-frameworks.sh\"\n";
			showEnvVarsInLog = 0;
		};
		895CE0490039AE2BB8819EF3 /* [CP] Check Pods Manifest.lock */ = {
			isa = PBXShellScriptBuildPhase;
			buildActionMask = 2147483647;
			files = (
			);
			inputFileListPaths = (
			);
			inputPaths = (
				"${PODS_PODFILE_DIR_PATH}/Podfile.lock",
				"${PODS_ROOT}/Manifest.lock",
			);
			name = "[CP] Check Pods Manifest.lock";
			outputFileListPaths = (
			);
			outputPaths = (
				"$(DERIVED_FILE_DIR)/Pods-ShoppingList-checkManifestLockResult.txt",
			);
			runOnlyForDeploymentPostprocessing = 0;
			shellPath = /bin/sh;
			shellScript = "diff \"${PODS_PODFILE_DIR_PATH}/Podfile.lock\" \"${PODS_ROOT}/Manifest.lock\" > /dev/null\nif [ $? != 0 ] ; then\n    # print error to STDERR\n    echo \"error: The sandbox is not in sync with the Podfile.lock. Run 'pod install' or update your CocoaPods installation.\" >&2\n    exit 1\nfi\n# This output is used by Xcode 'outputs' to avoid re-running this script phase.\necho \"SUCCESS\" > \"${SCRIPT_OUTPUT_FILE_0}\"\n";
			showEnvVarsInLog = 0;
		};
/* End PBXShellScriptBuildPhase section */

/* Begin PBXSourcesBuildPhase section */
		A01265F4277175D000C9F594 /* Sources */ = {
			isa = PBXSourcesBuildPhase;
			buildActionMask = 2147483647;
			files = (
				A053EE232772068E005F8F05 /* ShoppingItem.swift in Sources */,
				A0126600277175D000C9F594 /* LoginViewController.swift in Sources */,
				A0126606277175D000C9F594 /* ShoppingList.xcdatamodeld in Sources */,
				A01265FC277175D000C9F594 /* AppDelegate.swift in Sources */,
				A00E0A742771E629006E22B2 /* ListTableViewController.swift in Sources */,
				A01265FE277175D000C9F594 /* SceneDelegate.swift in Sources */,
			);
			runOnlyForDeploymentPostprocessing = 0;
		};
/* End PBXSourcesBuildPhase section */

/* Begin PBXVariantGroup section */
		A0126601277175D000C9F594 /* Main.storyboard */ = {
			isa = PBXVariantGroup;
			children = (
				A0126602277175D000C9F594 /* Base */,
			);
			name = Main.storyboard;
			sourceTree = "<group>";
		};
		A0126609277175DB00C9F594 /* LaunchScreen.storyboard */ = {
			isa = PBXVariantGroup;
			children = (
				A012660A277175DB00C9F594 /* Base */,
			);
			name = LaunchScreen.storyboard;
			sourceTree = "<group>";
		};
/* End PBXVariantGroup section */

/* Begin XCBuildConfiguration section */
		A012660D277175DB00C9F594 /* Debug */ = {
			isa = XCBuildConfiguration;
			buildSettings = {
				ALWAYS_SEARCH_USER_PATHS = NO;
				CLANG_ANALYZER_NONNULL = YES;
				CLANG_ANALYZER_NUMBER_OBJECT_CONVERSION = YES_AGGRESSIVE;
				CLANG_CXX_LANGUAGE_STANDARD = "gnu++14";
				CLANG_CXX_LIBRARY = "libc++";
				CLANG_ENABLE_MODULES = YES;
				CLANG_ENABLE_OBJC_ARC = YES;
				CLANG_ENABLE_OBJC_WEAK = YES;
				CLANG_WARN_BLOCK_CAPTURE_AUTORELEASING = YES;
				CLANG_WARN_BOOL_CONVERSION = YES;
				CLANG_WARN_COMMA = YES;
				CLANG_WARN_CONSTANT_CONVERSION = YES;
				CLANG_WARN_DEPRECATED_OBJC_IMPLEMENTATIONS = YES;
				CLANG_WARN_DIRECT_OBJC_ISA_USAGE = YES_ERROR;
				CLANG_WARN_DOCUMENTATION_COMMENTS = YES;
				CLANG_WARN_EMPTY_BODY = YES;
				CLANG_WARN_ENUM_CONVERSION = YES;
				CLANG_WARN_INFINITE_RECURSION = YES;
				CLANG_WARN_INT_CONVERSION = YES;
				CLANG_WARN_NON_LITERAL_NULL_CONVERSION = YES;
				CLANG_WARN_OBJC_IMPLICIT_RETAIN_SELF = YES;
				CLANG_WARN_OBJC_LITERAL_CONVERSION = YES;
				CLANG_WARN_OBJC_ROOT_CLASS = YES_ERROR;
				CLANG_WARN_QUOTED_INCLUDE_IN_FRAMEWORK_HEADER = YES;
				CLANG_WARN_RANGE_LOOP_ANALYSIS = YES;
				CLANG_WARN_STRICT_PROTOTYPES = YES;
				CLANG_WARN_SUSPICIOUS_MOVE = YES;
				CLANG_WARN_UNGUARDED_AVAILABILITY = YES_AGGRESSIVE;
				CLANG_WARN_UNREACHABLE_CODE = YES;
				CLANG_WARN__DUPLICATE_METHOD_MATCH = YES;
				COPY_PHASE_STRIP = NO;
				DEBUG_INFORMATION_FORMAT = dwarf;
				ENABLE_STRICT_OBJC_MSGSEND = YES;
				ENABLE_TESTABILITY = YES;
				GCC_C_LANGUAGE_STANDARD = gnu11;
				GCC_DYNAMIC_NO_PIC = NO;
				GCC_NO_COMMON_BLOCKS = YES;
				GCC_OPTIMIZATION_LEVEL = 0;
				GCC_PREPROCESSOR_DEFINITIONS = (
					"DEBUG=1",
					"$(inherited)",
				);
				GCC_WARN_64_TO_32_BIT_CONVERSION = YES;
				GCC_WARN_ABOUT_RETURN_TYPE = YES_ERROR;
				GCC_WARN_UNDECLARED_SELECTOR = YES;
				GCC_WARN_UNINITIALIZED_AUTOS = YES_AGGRESSIVE;
				GCC_WARN_UNUSED_FUNCTION = YES;
				GCC_WARN_UNUSED_VARIABLE = YES;
				IPHONEOS_DEPLOYMENT_TARGET = 14.4;
				MTL_ENABLE_DEBUG_INFO = INCLUDE_SOURCE;
				MTL_FAST_MATH = YES;
				ONLY_ACTIVE_ARCH = YES;
				SDKROOT = iphoneos;
				SWIFT_ACTIVE_COMPILATION_CONDITIONS = DEBUG;
				SWIFT_OPTIMIZATION_LEVEL = "-Onone";
			};
			name = Debug;
		};
		A012660E277175DB00C9F594 /* Release */ = {
			isa = XCBuildConfiguration;
			buildSettings = {
				ALWAYS_SEARCH_USER_PATHS = NO;
				CLANG_ANALYZER_NONNULL = YES;
				CLANG_ANALYZER_NUMBER_OBJECT_CONVERSION = YES_AGGRESSIVE;
				CLANG_CXX_LANGUAGE_STANDARD = "gnu++14";
				CLANG_CXX_LIBRARY = "libc++";
				CLANG_ENABLE_MODULES = YES;
				CLANG_ENABLE_OBJC_ARC = YES;
				CLANG_ENABLE_OBJC_WEAK = YES;
				CLANG_WARN_BLOCK_CAPTURE_AUTORELEASING = YES;
				CLANG_WARN_BOOL_CONVERSION = YES;
				CLANG_WARN_COMMA = YES;
				CLANG_WARN_CONSTANT_CONVERSION = YES;
				CLANG_WARN_DEPRECATED_OBJC_IMPLEMENTATIONS = YES;
				CLANG_WARN_DIRECT_OBJC_ISA_USAGE = YES_ERROR;
				CLANG_WARN_DOCUMENTATION_COMMENTS = YES;
				CLANG_WARN_EMPTY_BODY = YES;
				CLANG_WARN_ENUM_CONVERSION = YES;
				CLANG_WARN_INFINITE_RECURSION = YES;
				CLANG_WARN_INT_CONVERSION = YES;
				CLANG_WARN_NON_LITERAL_NULL_CONVERSION = YES;
				CLANG_WARN_OBJC_IMPLICIT_RETAIN_SELF = YES;
				CLANG_WARN_OBJC_LITERAL_CONVERSION = YES;
				CLANG_WARN_OBJC_ROOT_CLASS = YES_ERROR;
				CLANG_WARN_QUOTED_INCLUDE_IN_FRAMEWORK_HEADER = YES;
				CLANG_WARN_RANGE_LOOP_ANALYSIS = YES;
				CLANG_WARN_STRICT_PROTOTYPES = YES;
				CLANG_WARN_SUSPICIOUS_MOVE = YES;
				CLANG_WARN_UNGUARDED_AVAILABILITY = YES_AGGRESSIVE;
				CLANG_WARN_UNREACHABLE_CODE = YES;
				CLANG_WARN__DUPLICATE_METHOD_MATCH = YES;
				COPY_PHASE_STRIP = NO;
				DEBUG_INFORMATION_FORMAT = "dwarf-with-dsym";
				ENABLE_NS_ASSERTIONS = NO;
				ENABLE_STRICT_OBJC_MSGSEND = YES;
				GCC_C_LANGUAGE_STANDARD = gnu11;
				GCC_NO_COMMON_BLOCKS = YES;
				GCC_WARN_64_TO_32_BIT_CONVERSION = YES;
				GCC_WARN_ABOUT_RETURN_TYPE = YES_ERROR;
				GCC_WARN_UNDECLARED_SELECTOR = YES;
				GCC_WARN_UNINITIALIZED_AUTOS = YES_AGGRESSIVE;
				GCC_WARN_UNUSED_FUNCTION = YES;
				GCC_WARN_UNUSED_VARIABLE = YES;
				IPHONEOS_DEPLOYMENT_TARGET = 14.4;
				MTL_ENABLE_DEBUG_INFO = NO;
				MTL_FAST_MATH = YES;
				SDKROOT = iphoneos;
				SWIFT_COMPILATION_MODE = wholemodule;
				SWIFT_OPTIMIZATION_LEVEL = "-O";
				VALIDATE_PRODUCT = YES;
			};
			name = Release;
		};
		A0126610277175DB00C9F594 /* Debug */ = {
			isa = XCBuildConfiguration;
			baseConfigurationReference = 190BD8DF46EF5322EA4ECDB1 /* Pods-ShoppingList.debug.xcconfig */;
			buildSettings = {
				ASSETCATALOG_COMPILER_APPICON_NAME = AppIcon;
				ASSETCATALOG_COMPILER_GLOBAL_ACCENT_COLOR_NAME = AccentColor;
				CODE_SIGN_STYLE = Automatic;
				INFOPLIST_FILE = ShoppingList/Info.plist;
				LD_RUNPATH_SEARCH_PATHS = (
					"$(inherited)",
					"@executable_path/Frameworks",
				);
				PRODUCT_BUNDLE_IDENTIFIER = br.edu.unyleya.ShoppingList;
				PRODUCT_NAME = "$(TARGET_NAME)";
				SWIFT_VERSION = 5.0;
				TARGETED_DEVICE_FAMILY = "1,2";
			};
			name = Debug;
		};
		A0126611277175DB00C9F594 /* Release */ = {
			isa = XCBuildConfiguration;
			baseConfigurationReference = F7E1208174594842B82E1BBE /* Pods-ShoppingList.release.xcconfig */;
			buildSettings = {
				ASSETCATALOG_COMPILER_APPICON_NAME = AppIcon;
				ASSETCATALOG_COMPILER_GLOBAL_ACCENT_COLOR_NAME = AccentColor;
				CODE_SIGN_STYLE = Automatic;
				INFOPLIST_FILE = ShoppingList/Info.plist;
				LD_RUNPATH_SEARCH_PATHS = (
					"$(inherited)",
					"@executable_path/Frameworks",
				);
				PRODUCT_BUNDLE_IDENTIFIER = br.edu.unyleya.ShoppingList;
				PRODUCT_NAME = "$(TARGET_NAME)";
				SWIFT_VERSION = 5.0;
				TARGETED_DEVICE_FAMILY = "1,2";
			};
			name = Release;
		};
/* End XCBuildConfiguration section */

/* Begin XCConfigurationList section */
		A01265F3277175D000C9F594 /* Build configuration list for PBXProject "ShoppingList" */ = {
			isa = XCConfigurationList;
			buildConfigurations = (
				A012660D277175DB00C9F594 /* Debug */,
				A012660E277175DB00C9F594 /* Release */,
			);
			defaultConfigurationIsVisible = 0;
			defaultConfigurationName = Release;
		};
		A012660F277175DB00C9F594 /* Build configuration list for PBXNativeTarget "ShoppingList" */ = {
			isa = XCConfigurationList;
			buildConfigurations = (
				A0126610277175DB00C9F594 /* Debug */,
				A0126611277175DB00C9F594 /* Release */,
			);
			defaultConfigurationIsVisible = 0;
			defaultConfigurationName = Release;
		};
/* End XCConfigurationList section */

/* Begin XCVersionGroup section */
		A0126604277175D000C9F594 /* ShoppingList.xcdatamodeld */ = {
			isa = XCVersionGroup;
			children = (
				A0126605277175D000C9F594 /* ShoppingList.xcdatamodel */,
			);
			currentVersion = A0126605277175D000C9F594 /* ShoppingList.xcdatamodel */;
			path = ShoppingList.xcdatamodeld;
			sourceTree = "<group>";
			versionGroupType = wrapper.xcdatamodel;
		};
/* End XCVersionGroup section */
	};
	rootObject = A01265F0277175D000C9F594 /* Project object */;
}
